
Microsoft Visual Studio Solution File, Format Version 12.00
# Visual Studio Version 17
VisualStudioVersion = 17.8.34511.84
MinimumVisualStudioVersion = 10.0.40219.1
Project("{8BC9CEB8-8B4A-11D0-8D11-00A0C91BC942}") = "Game", "HelloWorld.vcxproj", "{3E340A7E-1D62-4C23-B135-78F9E8EC2056}"
EndProject
Project("{2150E333-8FDC-42A3-9474-1A3956D46DE8}") = "Solution Items", "Solution Items", "{EC973598-6584-4808-A517-8C5C353D27BE}"
	ProjectSection(SolutionItems) = preProject
		functions.h = functions.h
		north.cpp = north.cpp
	EndProjectSection
EndProject
Global
	GlobalSection(SolutionConfigurationPlatforms) = preSolution
		Debug|x64 = Debug|x64
		Debug|x86 = Debug|x86
		G++|x64 = G++|x64
		G++|x86 = G++|x86
		Release|x64 = Release|x64
		Release|x86 = Release|x86
	EndGlobalSection
	GlobalSection(ProjectConfigurationPlatforms) = postSolution
		{3E340A7E-1D62-4C23-B135-78F9E8EC2056}.Debug|x64.ActiveCfg = Debug|x64
		{3E340A7E-1D62-4C23-B135-78F9E8EC2056}.Debug|x64.Build.0 = Debug|x64
		{3E340A7E-1D62-4C23-B135-78F9E8EC2056}.Debug|x86.ActiveCfg = Debug|Win32
		{3E340A7E-1D62-4C23-B135-78F9E8EC2056}.Debug|x86.Build.0 = Debug|Win32
		{3E340A7E-1D62-4C23-B135-78F9E8EC2056}.G++|x64.ActiveCfg = G++|x64
		{3E340A7E-1D62-4C23-B135-78F9E8EC2056}.G++|x64.Build.0 = G++|x64
		{3E340A7E-1D62-4C23-B135-78F9E8EC2056}.G++|x86.ActiveCfg = G++|Win32
		{3E340A7E-1D62-4C23-B135-78F9E8EC2056}.G++|x86.Build.0 = G++|Win32
		{3E340A7E-1D62-4C23-B135-78F9E8EC2056}.Release|x64.ActiveCfg = Release|x64
		{3E340A7E-1D62-4C23-B135-78F9E8EC2056}.Release|x64.Build.0 = Release|x64
		{3E340A7E-1D62-4C23-B135-78F9E8EC2056}.Release|x86.ActiveCfg = Release|Win32
		{3E340A7E-1D62-4C23-B135-78F9E8EC2056}.Release|x86.Build.0 = Release|Win32
	EndGlobalSection
	GlobalSection(SolutionProperties) = preSolution
		HideSolutionNode = FALSE
	EndGlobalSection
	GlobalSection(ExtensibilityGlobals) = postSolution
		SolutionGuid = {C8AD6256-E7DE-4572-BBBC-F1FBB455DEDE}
	EndGlobalSection
EndGlobal
